
Microsoft Visual Studio Solution File, Format Version 12.00
# Visual Studio Version 17
VisualStudioVersion = 17.14.36518.9
MinimumVisualStudioVersion = 10.0.40219.1
Project("{FAE04EC0-301F-11D3-BF4B-00C04F79EFBC}") = "KHSX", "KHSX.csproj", "{C268EBC7-2E52-4D7A-AEBA-CCA9E5170A11}"
EndProject
Project("{FAE04EC0-301F-11D3-BF4B-00C04F79EFBC}") = "KHSX.Tests", "KHSX.Tests\KHSX.Tests.csproj", "{78276116-4017-4A76-A702-FF40086CC62B}"
EndProject
Global
	GlobalSection(SolutionConfigurationPlatforms) = preSolution
		Debug|Any CPU = Debug|Any CPU
		Release|Any CPU = Release|Any CPU
	EndGlobalSection
	GlobalSection(ProjectConfigurationPlatforms) = postSolution
		{C268EBC7-2E52-4D7A-AEBA-CCA9E5170A11}.Debug|Any CPU.ActiveCfg = Debug|Any CPU
		{C268EBC7-2E52-4D7A-AEBA-CCA9E5170A11}.Debug|Any CPU.Build.0 = Debug|Any CPU
		{C268EBC7-2E52-4D7A-AEBA-CCA9E5170A11}.Release|Any CPU.ActiveCfg = Release|Any CPU
		{C268EBC7-2E52-4D7A-AEBA-CCA9E5170A11}.Release|Any CPU.Build.0 = Release|Any CPU
		{78276116-4017-4A76-A702-FF40086CC62B}.Debug|Any CPU.ActiveCfg = Debug|Any CPU
		{78276116-4017-4A76-A702-FF40086CC62B}.Debug|Any CPU.Build.0 = Debug|Any CPU
		{78276116-4017-4A76-A702-FF40086CC62B}.Release|Any CPU.ActiveCfg = Release|Any CPU
		{78276116-4017-4A76-A702-FF40086CC62B}.Release|Any CPU.Build.0 = Release|Any CPU
	EndGlobalSection
	GlobalSection(SolutionProperties) = preSolution
		HideSolutionNode = FALSE
	EndGlobalSection
	GlobalSection(ExtensibilityGlobals) = postSolution
		SolutionGuid = {D43D1994-B642-46D8-8DBF-81B0B7132871}
	EndGlobalSection
EndGlobal
